
Microsoft Visual Studio Solution File, Format Version 12.00
# Visual Studio Version 17
VisualStudioVersion = 17.0.32014.148
MinimumVisualStudioVersion = 10.0.40219.1
Project("{2150E333-8FDC-42A3-9474-1A3956D46DE8}") = "BowlingScore", "BowlingScore", "{C814A54C-BFB9-406B-942D-7AFAF169FCB6}"
EndProject
Project("{9A19103F-16F7-4668-BE54-9A1E7A4F7556}") = "Bowling", "BowlingScore\Bowling\Bowling.csproj", "{BF29B17B-AEB4-4200-9BA3-ED373B204C63}"
EndProject
Project("{9A19103F-16F7-4668-BE54-9A1E7A4F7556}") = "BowlingUnitTests", "BowlingScore\BowlingUnitTests\BowlingUnitTests.csproj", "{46431F2D-474E-4D5C-A956-B1A021A880A5}"
EndProject
Global
	GlobalSection(SolutionConfigurationPlatforms) = preSolution
		Debug|Any CPU = Debug|Any CPU
		Release|Any CPU = Release|Any CPU
	EndGlobalSection
	GlobalSection(ProjectConfigurationPlatforms) = postSolution
		{BF29B17B-AEB4-4200-9BA3-ED373B204C63}.Debug|Any CPU.ActiveCfg = Debug|Any CPU
		{BF29B17B-AEB4-4200-9BA3-ED373B204C63}.Debug|Any CPU.Build.0 = Debug|Any CPU
		{BF29B17B-AEB4-4200-9BA3-ED373B204C63}.Release|Any CPU.ActiveCfg = Release|Any CPU
		{BF29B17B-AEB4-4200-9BA3-ED373B204C63}.Release|Any CPU.Build.0 = Release|Any CPU
		{46431F2D-474E-4D5C-A956-B1A021A880A5}.Debug|Any CPU.ActiveCfg = Debug|Any CPU
		{46431F2D-474E-4D5C-A956-B1A021A880A5}.Debug|Any CPU.Build.0 = Debug|Any CPU
		{46431F2D-474E-4D5C-A956-B1A021A880A5}.Release|Any CPU.ActiveCfg = Release|Any CPU
		{46431F2D-474E-4D5C-A956-B1A021A880A5}.Release|Any CPU.Build.0 = Release|Any CPU
	EndGlobalSection
	GlobalSection(SolutionProperties) = preSolution
		HideSolutionNode = FALSE
	EndGlobalSection
	GlobalSection(NestedProjects) = preSolution
		{BF29B17B-AEB4-4200-9BA3-ED373B204C63} = {C814A54C-BFB9-406B-942D-7AFAF169FCB6}
		{46431F2D-474E-4D5C-A956-B1A021A880A5} = {C814A54C-BFB9-406B-942D-7AFAF169FCB6}
	EndGlobalSection
	GlobalSection(ExtensibilityGlobals) = postSolution
		SolutionGuid = {A99A97E4-9A88-40ED-B9E8-11B5F3E4A3F5}
	EndGlobalSection
EndGlobal
